// !$*UTF8*$!
{
	archiveVersion = 1;
	classes = {
	};
	objectVersion = 46;
	objects = {

/* Begin PBXBuildFile section */
		04DF83E01D3CF52800C5DBBC /* ViewController.m in Sources */ = {isa = PBXBuildFile; fileRef = 04DF83D31D3CF52800C5DBBC /* ViewController.m */; };
		04DF83E11D3CF52800C5DBBC /* AppDelegate.m in Sources */ = {isa = PBXBuildFile; fileRef = 04DF83D71D3CF52800C5DBBC /* AppDelegate.m */; };
		04DF83E21D3CF52800C5DBBC /* Assets.xcassets in Resources */ = {isa = PBXBuildFile; fileRef = 04DF83DA1D3CF52800C5DBBC /* Assets.xcassets */; };
		04DF83E31D3CF52800C5DBBC /* LaunchScreen.storyboard in Resources */ = {isa = PBXBuildFile; fileRef = 04DF83DB1D3CF52800C5DBBC /* LaunchScreen.storyboard */; };
		04DF83E41D3CF52800C5DBBC /* Main.storyboard in Resources */ = {isa = PBXBuildFile; fileRef = 04DF83DD1D3CF52800C5DBBC /* Main.storyboard */; };
		04DF83E51D3CF52800C5DBBC /* main.m in Sources */ = {isa = PBXBuildFile; fileRef = 04DF83DF1D3CF52800C5DBBC /* main.m */; };
		04DF83E71D3CF5C800C5DBBC /* weibos.plist in Resources */ = {isa = PBXBuildFile; fileRef = 04DF83E61D3CF5C800C5DBBC /* weibos.plist */; };
		04DF83EA1D3CF5EA00C5DBBC /* GQWeiBo.m in Sources */ = {isa = PBXBuildFile; fileRef = 04DF83E91D3CF5EA00C5DBBC /* GQWeiBo.m */; };
		04DF83ED1D3D08FC00C5DBBC /* GQCell.m in Sources */ = {isa = PBXBuildFile; fileRef = 04DF83EC1D3D08FC00C5DBBC /* GQCell.m */; };
/* End PBXBuildFile section */

/* Begin PBXFileReference section */
		04DF83B61D3CF3B700C5DBBC /* 新浪微博.app */ = {isa = PBXFileReference; explicitFileType = wrapper.application; includeInIndex = 0; path = "新浪微博.app"; sourceTree = BUILT_PRODUCTS_DIR; };
		04DF83CA1D3CF3B700C5DBBC /* Info.plist */ = {isa = PBXFileReference; lastKnownFileType = text.plist.xml; name = Info.plist; path = ../Info.plist; sourceTree = "<group>"; };
		04DF83D21D3CF52800C5DBBC /* ViewController.h */ = {isa = PBXFileReference; fileEncoding = 4; lastKnownFileType = sourcecode.c.h; path = ViewController.h; sourceTree = "<group>"; };
		04DF83D31D3CF52800C5DBBC /* ViewController.m */ = {isa = PBXFileReference; fileEncoding = 4; lastKnownFileType = sourcecode.c.objc; path = ViewController.m; sourceTree = "<group>"; };
		04DF83D61D3CF52800C5DBBC /* AppDelegate.h */ = {isa = PBXFileReference; fileEncoding = 4; lastKnownFileType = sourcecode.c.h; path = AppDelegate.h; sourceTree = "<group>"; };
		04DF83D71D3CF52800C5DBBC /* AppDelegate.m */ = {isa = PBXFileReference; fileEncoding = 4; lastKnownFileType = sourcecode.c.objc; path = AppDelegate.m; sourceTree = "<group>"; };
		04DF83DA1D3CF52800C5DBBC /* Assets.xcassets */ = {isa = PBXFileReference; lastKnownFileType = folder.assetcatalog; path = Assets.xcassets; sourceTree = "<group>"; };
		04DF83DC1D3CF52800C5DBBC /* Base */ = {isa = PBXFileReference; lastKnownFileType = file.storyboard; name = Base; path = Base.lproj/LaunchScreen.storyboard; sourceTree = "<group>"; };
		04DF83DE1D3CF52800C5DBBC /* Base */ = {isa = PBXFileReference; lastKnownFileType = file.storyboard; name = Base; path = Base.lproj/Main.storyboard; sourceTree = "<group>"; };
		04DF83DF1D3CF52800C5DBBC /* main.m */ = {isa = PBXFileReference; fileEncoding = 4; lastKnownFileType = sourcecode.c.objc; path = main.m; sourceTree = "<group>"; };
		04DF83E61D3CF5C800C5DBBC /* weibos.plist */ = {isa = PBXFileReference; fileEncoding = 4; lastKnownFileType = text.plist.xml; path = weibos.plist; sourceTree = "<group>"; };
		04DF83E81D3CF5EA00C5DBBC /* GQWeiBo.h */ = {isa = PBXFileReference; fileEncoding = 4; lastKnownFileType = sourcecode.c.h; path = GQWeiBo.h; sourceTree = "<group>"; };
		04DF83E91D3CF5EA00C5DBBC /* GQWeiBo.m */ = {isa = PBXFileReference; fileEncoding = 4; lastKnownFileType = sourcecode.c.objc; path = GQWeiBo.m; sourceTree = "<group>"; };
		04DF83EB1D3D08FC00C5DBBC /* GQCell.h */ = {isa = PBXFileReference; fileEncoding = 4; lastKnownFileType = sourcecode.c.h; path = GQCell.h; sourceTree = "<group>"; };
		04DF83EC1D3D08FC00C5DBBC /* GQCell.m */ = {isa = PBXFileReference; fileEncoding = 4; lastKnownFileType = sourcecode.c.objc; path = GQCell.m; sourceTree = "<group>"; };
/* End PBXFileReference section */

/* Begin PBXFrameworksBuildPhase section */
		04DF83B31D3CF3B700C5DBBC /* Frameworks */ = {
			isa = PBXFrameworksBuildPhase;
			buildActionMask = 2147483647;
			files = (
			);
			runOnlyForDeploymentPostprocessing = 0;
		};
/* End PBXFrameworksBuildPhase section */

/* Begin PBXGroup section */
		04DF83AD1D3CF3B700C5DBBC = {
			isa = PBXGroup;
			children = (
				04DF83B81D3CF3B700C5DBBC /* 新浪微博 */,
				04DF83B71D3CF3B700C5DBBC /* Products */,
			);
			sourceTree = "<group>";
		};
		04DF83B71D3CF3B700C5DBBC /* Products */ = {
			isa = PBXGroup;
			children = (
				04DF83B61D3CF3B700C5DBBC /* 新浪微博.app */,
			);
			name = Products;
			sourceTree = "<group>";
		};
		04DF83B81D3CF3B700C5DBBC /* 新浪微博 */ = {
			isa = PBXGroup;
			children = (
				04DF83D01D3CF52800C5DBBC /* Classes */,
				04DF83D91D3CF52800C5DBBC /* SupportingFiles */,
			);
			path = "新浪微博";
			sourceTree = "<group>";
		};
		04DF83D01D3CF52800C5DBBC /* Classes */ = {
			isa = PBXGroup;
			children = (
				04DF83D11D3CF52800C5DBBC /* Controllers */,
				04DF83D41D3CF52800C5DBBC /* Models */,
				04DF83D51D3CF52800C5DBBC /* Others */,
				04DF83D81D3CF52800C5DBBC /* Views */,
			);
			path = Classes;
			sourceTree = "<group>";
		};
		04DF83D11D3CF52800C5DBBC /* Controllers */ = {
			isa = PBXGroup;
			children = (
				04DF83D21D3CF52800C5DBBC /* ViewController.h */,
				04DF83D31D3CF52800C5DBBC /* ViewController.m */,
			);
			path = Controllers;
			sourceTree = "<group>";
		};
		04DF83D41D3CF52800C5DBBC /* Models */ = {
			isa = PBXGroup;
			children = (
				04DF83E61D3CF5C800C5DBBC /* weibos.plist */,
				04DF83E81D3CF5EA00C5DBBC /* GQWeiBo.h */,
				04DF83E91D3CF5EA00C5DBBC /* GQWeiBo.m */,
			);
			path = Models;
			sourceTree = "<group>";
		};
		04DF83D51D3CF52800C5DBBC /* Others */ = {
			isa = PBXGroup;
			children = (
				04DF83D61D3CF52800C5DBBC /* AppDelegate.h */,
				04DF83D71D3CF52800C5DBBC /* AppDelegate.m */,
			);
			path = Others;
			sourceTree = "<group>";
		};
		04DF83D81D3CF52800C5DBBC /* Views */ = {
			isa = PBXGroup;
			children = (
				04DF83EB1D3D08FC00C5DBBC /* GQCell.h */,
				04DF83EC1D3D08FC00C5DBBC /* GQCell.m */,
			);
			path = Views;
			sourceTree = "<group>";
		};
		04DF83D91D3CF52800C5DBBC /* SupportingFiles */ = {
			isa = PBXGroup;
			children = (
				04DF83CA1D3CF3B700C5DBBC /* Info.plist */,
				04DF83DA1D3CF52800C5DBBC /* Assets.xcassets */,
				04DF83DB1D3CF52800C5DBBC /* LaunchScreen.storyboard */,
				04DF83DD1D3CF52800C5DBBC /* Main.storyboard */,
				04DF83DF1D3CF52800C5DBBC /* main.m */,
			);
			path = SupportingFiles;
			sourceTree = "<group>";
		};
/* End PBXGroup section */

/* Begin PBXNativeTarget section */
		04DF83B51D3CF3B700C5DBBC /* 新浪微博 */ = {
			isa = PBXNativeTarget;
			buildConfigurationList = 04DF83CD1D3CF3B700C5DBBC /* Build configuration list for PBXNativeTarget "新浪微博" */;
			buildPhases = (
				04DF83B21D3CF3B700C5DBBC /* Sources */,
				04DF83B31D3CF3B700C5DBBC /* Frameworks */,
				04DF83B41D3CF3B700C5DBBC /* Resources */,
			);
			buildRules = (
			);
			dependencies = (
			);
			name = "新浪微博";
			productName = "新浪微博";
			productReference = 04DF83B61D3CF3B700C5DBBC /* 新浪微博.app */;
			productType = "com.apple.product-type.application";
		};
/* End PBXNativeTarget section */

/* Begin PBXProject section */
		04DF83AE1D3CF3B700C5DBBC /* Project object */ = {
			isa = PBXProject;
			attributes = {
				CLASSPREFIX = GQ;
				LastUpgradeCheck = 0800;
				ORGANIZATIONNAME = GQ;
				TargetAttributes = {
					04DF83B51D3CF3B700C5DBBC = {
						CreatedOnToolsVersion = 8.0;
						ProvisioningStyle = Automatic;
					};
				};
			};
			buildConfigurationList = 04DF83B11D3CF3B700C5DBBC /* Build configuration list for PBXProject "新浪微博" */;
			compatibilityVersion = "Xcode 3.2";
			developmentRegion = English;
			hasScannedForEncodings = 0;
			knownRegions = (
				en,
				Base,
			);
			mainGroup = 04DF83AD1D3CF3B700C5DBBC;
			productRefGroup = 04DF83B71D3CF3B700C5DBBC /* Products */;
			projectDirPath = "";
			projectRoot = "";
			targets = (
				04DF83B51D3CF3B700C5DBBC /* 新浪微博 */,
			);
		};
/* End PBXProject section */

/* Begin PBXResourcesBuildPhase section */
		04DF83B41D3CF3B700C5DBBC /* Resources */ = {
			isa = PBXResourcesBuildPhase;
			buildActionMask = 2147483647;
			files = (
				04DF83E41D3CF52800C5DBBC /* Main.storyboard in Resources */,
				04DF83E21D3CF52800C5DBBC /* Assets.xcassets in Resources */,
				04DF83E31D3CF52800C5DBBC /* LaunchScreen.storyboard in Resources */,
				04DF83E71D3CF5C800C5DBBC /* weibos.plist in Resources */,
			);
			runOnlyForDeploymentPostprocessing = 0;
		};
/* End PBXResourcesBuildPhase section */

/* Begin PBXSourcesBuildPhase section */
		04DF83B21D3CF3B700C5DBBC /* Sources */ = {
			isa = PBXSourcesBuildPhase;
			buildActionMask = 2147483647;
			files = (
				04DF83E11D3CF52800C5DBBC /* AppDelegate.m in Sources */,
				04DF83E51D3CF52800C5DBBC /* main.m in Sources */,
				04DF83EA1D3CF5EA00C5DBBC /* GQWeiBo.m in Sources */,
				04DF83ED1D3D08FC00C5DBBC /* GQCell.m in Sources */,
				04DF83E01D3CF52800C5DBBC /* ViewController.m in Sources */,
			);
			runOnlyForDeploymentPostprocessing = 0;
		};
/* End PBXSourcesBuildPhase section */

/* Begin PBXVariantGroup section */
		04DF83DB1D3CF52800C5DBBC /* LaunchScreen.storyboard */ = {
			isa = PBXVariantGroup;
			children = (
				04DF83DC1D3CF52800C5DBBC /* Base */,
			);
			name = LaunchScreen.storyboard;
			sourceTree = "<group>";
		};
		04DF83DD1D3CF52800C5DBBC /* Main.storyboard */ = {
			isa = PBXVariantGroup;
			children = (
				04DF83DE1D3CF52800C5DBBC /* Base */,
			);
			name = Main.storyboard;
			sourceTree = "<group>";
		};
/* End PBXVariantGroup section */

/* Begin XCBuildConfiguration section */
		04DF83CB1D3CF3B700C5DBBC /* Debug */ = {
			isa = XCBuildConfiguration;
			buildSettings = {
				ALWAYS_SEARCH_USER_PATHS = NO;
				CLANG_ANALYZER_NONNULL = YES;
				CLANG_CXX_LANGUAGE_STANDARD = "gnu++0x";
				CLANG_CXX_LIBRARY = "libc++";
				CLANG_ENABLE_MODULES = YES;
				CLANG_ENABLE_OBJC_ARC = YES;
				CLANG_WARN_BOOL_CONVERSION = YES;
				CLANG_WARN_CONSTANT_CONVERSION = YES;
				CLANG_WARN_DIRECT_OBJC_ISA_USAGE = YES_ERROR;
				CLANG_WARN_DOCUMENTATION_COMMENTS = YES;
				CLANG_WARN_EMPTY_BODY = YES;
				CLANG_WARN_ENUM_CONVERSION = YES;
				CLANG_WARN_INT_CONVERSION = YES;
				CLANG_WARN_OBJC_ROOT_CLASS = YES_ERROR;
				CLANG_WARN_UNREACHABLE_CODE = YES;
				CLANG_WARN__DUPLICATE_METHOD_MATCH = YES;
				"CODE_SIGN_IDENTITY[sdk=iphoneos*]" = "iPhone Developer";
				COPY_PHASE_STRIP = NO;
				DEBUG_INFORMATION_FORMAT = dwarf;
				ENABLE_STRICT_OBJC_MSGSEND = YES;
				ENABLE_TESTABILITY = YES;
				GCC_C_LANGUAGE_STANDARD = gnu99;
				GCC_DYNAMIC_NO_PIC = NO;
				GCC_NO_COMMON_BLOCKS = YES;
				GCC_OPTIMIZATION_LEVEL = 0;
				GCC_PREPROCESSOR_DEFINITIONS = (
					"DEBUG=1",
					"$(inherited)",
				);
				GCC_WARN_64_TO_32_BIT_CONVERSION = YES;
				GCC_WARN_ABOUT_RETURN_TYPE = YES_ERROR;
				GCC_WARN_UNDECLARED_SELECTOR = YES;
				GCC_WARN_UNINITIALIZED_AUTOS = YES_AGGRESSIVE;
				GCC_WARN_UNUSED_FUNCTION = YES;
				GCC_WARN_UNUSED_VARIABLE = YES;
				IPHONEOS_DEPLOYMENT_TARGET = 10.0;
				MTL_ENABLE_DEBUG_INFO = YES;
				ONLY_ACTIVE_ARCH = YES;
				SDKROOT = iphoneos;
			};
			name = Debug;
		};
		04DF83CC1D3CF3B700C5DBBC /* Release */ = {
			isa = XCBuildConfiguration;
			buildSettings = {
				ALWAYS_SEARCH_USER_PATHS = NO;
				CLANG_ANALYZER_NONNULL = YES;
				CLANG_CXX_LANGUAGE_STANDARD = "gnu++0x";
				CLANG_CXX_LIBRARY = "libc++";
				CLANG_ENABLE_MODULES = YES;
				CLANG_ENABLE_OBJC_ARC = YES;
				CLANG_WARN_BOOL_CONVERSION = YES;
				CLANG_WARN_CONSTANT_CONVERSION = YES;
				CLANG_WARN_DIRECT_OBJC_ISA_USAGE = YES_ERROR;
				CLANG_WARN_DOCUMENTATION_COMMENTS = YES;
				CLANG_WARN_EMPTY_BODY = YES;
				CLANG_WARN_ENUM_CONVERSION = YES;
				CLANG_WARN_INT_CONVERSION = YES;
				CLANG_WARN_OBJC_ROOT_CLASS = YES_ERROR;
				CLANG_WARN_UNREACHABLE_CODE = YES;
				CLANG_WARN__DUPLICATE_METHOD_MATCH = YES;
				"CODE_SIGN_IDENTITY[sdk=iphoneos*]" = "iPhone Developer";
				COPY_PHASE_STRIP = NO;
				DEBUG_INFORMATION_FORMAT = "dwarf-with-dsym";
				ENABLE_NS_ASSERTIONS = NO;
				ENABLE_STRICT_OBJC_MSGSEND = YES;
				GCC_C_LANGUAGE_STANDARD = gnu99;
				GCC_NO_COMMON_BLOCKS = YES;
				GCC_WARN_64_TO_32_BIT_CONVERSION = YES;
				GCC_WARN_ABOUT_RETURN_TYPE = YES_ERROR;
				GCC_WARN_UNDECLARED_SELECTOR = YES;
				GCC_WARN_UNINITIALIZED_AUTOS = YES_AGGRESSIVE;
				GCC_WARN_UNUSED_FUNCTION = YES;
				GCC_WARN_UNUSED_VARIABLE = YES;
				IPHONEOS_DEPLOYMENT_TARGET = 10.0;
				MTL_ENABLE_DEBUG_INFO = NO;
				SDKROOT = iphoneos;
				VALIDATE_PRODUCT = YES;
			};
			name = Release;
		};
		04DF83CE1D3CF3B700C5DBBC /* Debug */ = {
			isa = XCBuildConfiguration;
			buildSettings = {
				ASSETCATALOG_COMPILER_APPICON_NAME = AppIcon;
				INFOPLIST_FILE = "新浪微博/Info.plist";
				LD_RUNPATH_SEARCH_PATHS = "$(inherited) @executable_path/Frameworks";
				PRODUCT_BUNDLE_IDENTIFIER = "cn.itheima.----";
				PRODUCT_NAME = "$(TARGET_NAME)";
			};
			name = Debug;
		};
		04DF83CF1D3CF3B700C5DBBC /* Release */ = {
			isa = XCBuildConfiguration;
			buildSettings = {
				ASSETCATALOG_COMPILER_APPICON_NAME = AppIcon;
				INFOPLIST_FILE = "新浪微博/Info.plist";
				LD_RUNPATH_SEARCH_PATHS = "$(inherited) @executable_path/Frameworks";
				PRODUCT_BUNDLE_IDENTIFIER = "cn.itheima.----";
				PRODUCT_NAME = "$(TARGET_NAME)";
			};
			name = Release;
		};
/* End XCBuildConfiguration section */

/* Begin XCConfigurationList section */
		04DF83B11D3CF3B700C5DBBC /* Build configuration list for PBXProject "新浪微博" */ = {
			isa = XCConfigurationList;
			buildConfigurations = (
				04DF83CB1D3CF3B700C5DBBC /* Debug */,
				04DF83CC1D3CF3B700C5DBBC /* Release */,
			);
			defaultConfigurationIsVisible = 0;
			defaultConfigurationName = Release;
		};
		04DF83CD1D3CF3B700C5DBBC /* Build configuration list for PBXNativeTarget "新浪微博" */ = {
			isa = XCConfigurationList;
			buildConfigurations = (
				04DF83CE1D3CF3B700C5DBBC /* Debug */,
				04DF83CF1D3CF3B700C5DBBC /* Release */,
			);
			defaultConfigurationIsVisible = 0;
		};
/* End XCConfigurationList section */
	};
	rootObject = 04DF83AE1D3CF3B700C5DBBC /* Project object */;
}
